{
  "name": "math-view",
  "version": "1.0.0",
  "lockfileVersion": 2,
  "requires": true,
  "packages": {
    "": {
      "name": "math-view",
      "version": "1.0.0",
      "license": "MIT",
      "dependencies": {
        "mathlive": "^0.73.7"
      }
    },
    "node_modules/mathlive": {
      "version": "0.73.7",
      "resolved": "https://registry.npmjs.org/mathlive/-/mathlive-0.73.7.tgz",
      "integrity": "sha512-nbIaw5lRHJhD9ozeunz9+MRekpa+FqOxKB/ApUBTPShuRMNlTYmiisMsoP+3LnExWxGc/BV3qiSKDhmu/giH7g==",
      "engines": {
        "node": ">=16.14.2",
        "npm": ">=8.5.0"
      },
      "funding": {
        "type": "individual",
        "url": "https://paypal.me/arnogourdol"
      }
    }
  },
  "dependencies": {
    "mathlive": {
      "version": "0.73.7",
      "resolved": "https://registry.npmjs.org/mathlive/-/mathlive-0.73.7.tgz",
      "integrity": "sha512-nbIaw5lRHJhD9ozeunz9+MRekpa+FqOxKB/ApUBTPShuRMNlTYmiisMsoP+3LnExWxGc/BV3qiSKDhmu/giH7g=="
    }
  }
}
