{
  "name": "math-view",
  "version": "1.0.2",
  "lockfileVersion": 3,
  "requires": true,
  "packages": {
    "": {
      "name": "math-view",
      "version": "1.0.2",
      "license": "MIT",
      "peerDependencies": {
        "mathlive": "^0.104.0"
      }
    },
    "node_modules/@cortex-js/compute-engine": {
      "version": "0.27.0",
      "resolved": "https://registry.npmjs.org/@cortex-js/compute-engine/-/compute-engine-0.27.0.tgz",
      "integrity": "sha512-iMK2F/iwZGVCB4L/GiTmeQsRaor/5DvLgUfBNZEskfMAYxDeRu3qM1I68QnZ3c0oqMW2bTFn8GX+SEWmNNkMKA==",
      "license": "MIT",
      "peer": true,
      "dependencies": {
        "complex-esm": "^2.1.1-esm1",
        "decimal.js": "^10.4.3"
      },
      "engines": {
        "node": ">=16.14.2",
        "npm": ">=8.5.0"
      }
    },
    "node_modules/complex-esm": {
      "version": "2.1.1-esm1",
      "resolved": "https://registry.npmjs.org/complex-esm/-/complex-esm-2.1.1-esm1.tgz",
      "integrity": "sha512-IShBEWHILB9s7MnfyevqNGxV0A1cfcSnewL/4uPFiSxkcQL4Mm3FxJ0pXMtCXuWLjYz3lRRyk6OfkeDZcjD6nw==",
      "license": "MIT",
      "peer": true,
      "engines": {
        "node": ">=16.14.2",
        "npm": ">=8.5.0"
      }
    },
    "node_modules/decimal.js": {
      "version": "10.5.0",
      "resolved": "https://registry.npmjs.org/decimal.js/-/decimal.js-10.5.0.tgz",
      "integrity": "sha512-8vDa8Qxvr/+d94hSh5P3IJwI5t8/c0KsMp+g8bNw9cY2icONa5aPfvKeieW1WlG0WQYwwhJ7mjui2xtiePQSXw==",
      "license": "MIT",
      "peer": true
    },
    "node_modules/mathlive": {
      "version": "0.104.0",
      "resolved": "https://registry.npmjs.org/mathlive/-/mathlive-0.104.0.tgz",
      "integrity": "sha512-RFVJajzFfhPxq+guj6VWsQ2HOjY3J0VEiZ2V6PvR0i5cj0ncUyNl9BMtQ4KZ6ROL7dB5RQmwuoFDKtgfMFuprg==",
      "license": "MIT",
      "peer": true,
      "dependencies": {
        "@cortex-js/compute-engine": "0.27.0"
      },
      "engines": {
        "node": ">=21.0.0",
        "npm": ">=10.5.0"
      },
      "funding": {
        "type": "individual",
        "url": "https://paypal.me/arnogourdol"
      }
    }
  }
}
